// !$*UTF8*$!
{
	archiveVersion = 1;
	classes = {
	};
	objectVersion = 51;
	objects = {

/* Begin PBXBuildFile section */
		2AACA355F4F097A526E347CB /* Pods_Food_with_coreml_and_coredata_Food_with_coreml_and_coredataUITests.framework in Frameworks */ = {isa = PBXBuildFile; fileRef = 80BA40042B95AA6E9625F253 /* Pods_Food_with_coreml_and_coredata_Food_with_coreml_and_coredataUITests.framework */; };
		60665C5E2483F265005FF74B /* Login.storyboard in Resources */ = {isa = PBXBuildFile; fileRef = 60665C5D2483F265005FF74B /* Login.storyboard */; };
		60665C602483F2B0005FF74B /* LoginViewController.swift in Sources */ = {isa = PBXBuildFile; fileRef = 60665C5F2483F2B0005FF74B /* LoginViewController.swift */; };
		60CF8B1A2483F58E0045535B /* covid.json in Resources */ = {isa = PBXBuildFile; fileRef = 60CF8B192483F58E0045535B /* covid.json */; };
		61D5900F576863E7C2238068 /* Pods_Food_with_coreml_and_coredataTests.framework in Frameworks */ = {isa = PBXBuildFile; fileRef = 640DBC4D28DB3032F712CDC8 /* Pods_Food_with_coreml_and_coredataTests.framework */; };
		BC6613916FD2E7E0B7934348 /* Pods_Food_with_coreml_and_coredata.framework in Frameworks */ = {isa = PBXBuildFile; fileRef = 69A54CF9EF786260996AA03B /* Pods_Food_with_coreml_and_coredata.framework */; };
		F043EB0324839CB10088BB41 /* AppDelegate.swift in Sources */ = {isa = PBXBuildFile; fileRef = F043EB0224839CB10088BB41 /* AppDelegate.swift */; };
		F043EB0524839CB10088BB41 /* SceneDelegate.swift in Sources */ = {isa = PBXBuildFile; fileRef = F043EB0424839CB10088BB41 /* SceneDelegate.swift */; };
		F043EB0D24839CB10088BB41 /* Food_with_coreml_and_coredata.xcdatamodeld in Sources */ = {isa = PBXBuildFile; fileRef = F043EB0B24839CB10088BB41 /* Food_with_coreml_and_coredata.xcdatamodeld */; };
		F043EB1224839CB20088BB41 /* LaunchScreen.storyboard in Resources */ = {isa = PBXBuildFile; fileRef = F043EB1024839CB20088BB41 /* LaunchScreen.storyboard */; };
		F043EB1D24839CB20088BB41 /* Food_with_coreml_and_coredataTests.swift in Sources */ = {isa = PBXBuildFile; fileRef = F043EB1C24839CB20088BB41 /* Food_with_coreml_and_coredataTests.swift */; };
		F043EB2824839CB30088BB41 /* Food_with_coreml_and_coredataUITests.swift in Sources */ = {isa = PBXBuildFile; fileRef = F043EB2724839CB30088BB41 /* Food_with_coreml_and_coredataUITests.swift */; };
		F043EB3724839DD90088BB41 /* PreviewViewController.swift in Sources */ = {isa = PBXBuildFile; fileRef = F043EB3524839DD90088BB41 /* PreviewViewController.swift */; };
		F043EB3824839DD90088BB41 /* ViewController.swift in Sources */ = {isa = PBXBuildFile; fileRef = F043EB3624839DD90088BB41 /* ViewController.swift */; };
		F043EB3C24839DF60088BB41 /* Assets.xcassets in Resources */ = {isa = PBXBuildFile; fileRef = F043EB3A24839DF60088BB41 /* Assets.xcassets */; };
		F043EB3F24839E0C0088BB41 /* ListDataViewController.swift in Sources */ = {isa = PBXBuildFile; fileRef = F043EB3D24839E0C0088BB41 /* ListDataViewController.swift */; };
		F043EB4024839E0C0088BB41 /* CoreDataManager.swift in Sources */ = {isa = PBXBuildFile; fileRef = F043EB3E24839E0C0088BB41 /* CoreDataManager.swift */; };
		F043EB4224839E600088BB41 /* Inceptionv3.mlmodel in Sources */ = {isa = PBXBuildFile; fileRef = F043EB4124839E600088BB41 /* Inceptionv3.mlmodel */; };
		F043EB442483DAB10088BB41 /* Main.storyboard in Resources */ = {isa = PBXBuildFile; fileRef = F043EB432483DAB10088BB41 /* Main.storyboard */; };
/* End PBXBuildFile section */

/* Begin PBXContainerItemProxy section */
		F043EB1924839CB20088BB41 /* PBXContainerItemProxy */ = {
			isa = PBXContainerItemProxy;
			containerPortal = F043EAF724839CB10088BB41 /* Project object */;
			proxyType = 1;
			remoteGlobalIDString = F043EAFE24839CB10088BB41;
			remoteInfo = "Food with coreml and coredata";
		};
		F043EB2424839CB30088BB41 /* PBXContainerItemProxy */ = {
			isa = PBXContainerItemProxy;
			containerPortal = F043EAF724839CB10088BB41 /* Project object */;
			proxyType = 1;
			remoteGlobalIDString = F043EAFE24839CB10088BB41;
			remoteInfo = "Food with coreml and coredata";
		};
/* End PBXContainerItemProxy section */

/* Begin PBXFileReference section */
		032CC7CD4CD8DD1AAFA92944 /* Pods-Food with coreml and coredata.debug.xcconfig */ = {isa = PBXFileReference; includeInIndex = 1; lastKnownFileType = text.xcconfig; name = "Pods-Food with coreml and coredata.debug.xcconfig"; path = "Target Support Files/Pods-Food with coreml and coredata/Pods-Food with coreml and coredata.debug.xcconfig"; sourceTree = "<group>"; };
		2FA75E5A332FE03E6AAB7896 /* Pods-Food with coreml and coredata-Food with coreml and coredataUITests.debug.xcconfig */ = {isa = PBXFileReference; includeInIndex = 1; lastKnownFileType = text.xcconfig; name = "Pods-Food with coreml and coredata-Food with coreml and coredataUITests.debug.xcconfig"; path = "Target Support Files/Pods-Food with coreml and coredata-Food with coreml and coredataUITests/Pods-Food with coreml and coredata-Food with coreml and coredataUITests.debug.xcconfig"; sourceTree = "<group>"; };
		45D6FF24F6D4524774A734BB /* Pods-Food with coreml and coredataTests.debug.xcconfig */ = {isa = PBXFileReference; includeInIndex = 1; lastKnownFileType = text.xcconfig; name = "Pods-Food with coreml and coredataTests.debug.xcconfig"; path = "Target Support Files/Pods-Food with coreml and coredataTests/Pods-Food with coreml and coredataTests.debug.xcconfig"; sourceTree = "<group>"; };
		60665C5D2483F265005FF74B /* Login.storyboard */ = {isa = PBXFileReference; lastKnownFileType = file.storyboard; path = Login.storyboard; sourceTree = "<group>"; };
		60665C5F2483F2B0005FF74B /* LoginViewController.swift */ = {isa = PBXFileReference; lastKnownFileType = sourcecode.swift; path = LoginViewController.swift; sourceTree = "<group>"; };
		60CF8B192483F58E0045535B /* covid.json */ = {isa = PBXFileReference; fileEncoding = 4; lastKnownFileType = text.json; path = covid.json; sourceTree = "<group>"; };
		640DBC4D28DB3032F712CDC8 /* Pods_Food_with_coreml_and_coredataTests.framework */ = {isa = PBXFileReference; explicitFileType = wrapper.framework; includeInIndex = 0; path = Pods_Food_with_coreml_and_coredataTests.framework; sourceTree = BUILT_PRODUCTS_DIR; };
		69A54CF9EF786260996AA03B /* Pods_Food_with_coreml_and_coredata.framework */ = {isa = PBXFileReference; explicitFileType = wrapper.framework; includeInIndex = 0; path = Pods_Food_with_coreml_and_coredata.framework; sourceTree = BUILT_PRODUCTS_DIR; };
		6DEFC5E0E03F5C343182FE0F /* Pods-Food with coreml and coredata.release.xcconfig */ = {isa = PBXFileReference; includeInIndex = 1; lastKnownFileType = text.xcconfig; name = "Pods-Food with coreml and coredata.release.xcconfig"; path = "Target Support Files/Pods-Food with coreml and coredata/Pods-Food with coreml and coredata.release.xcconfig"; sourceTree = "<group>"; };
		80BA40042B95AA6E9625F253 /* Pods_Food_with_coreml_and_coredata_Food_with_coreml_and_coredataUITests.framework */ = {isa = PBXFileReference; explicitFileType = wrapper.framework; includeInIndex = 0; path = Pods_Food_with_coreml_and_coredata_Food_with_coreml_and_coredataUITests.framework; sourceTree = BUILT_PRODUCTS_DIR; };
		9F915468B2887D58452845A1 /* Pods-Food with coreml and coredataTests.release.xcconfig */ = {isa = PBXFileReference; includeInIndex = 1; lastKnownFileType = text.xcconfig; name = "Pods-Food with coreml and coredataTests.release.xcconfig"; path = "Target Support Files/Pods-Food with coreml and coredataTests/Pods-Food with coreml and coredataTests.release.xcconfig"; sourceTree = "<group>"; };
		F043EAFF24839CB10088BB41 /* Food with coreml and coredata.app */ = {isa = PBXFileReference; explicitFileType = wrapper.application; includeInIndex = 0; path = "Food with coreml and coredata.app"; sourceTree = BUILT_PRODUCTS_DIR; };
		F043EB0224839CB10088BB41 /* AppDelegate.swift */ = {isa = PBXFileReference; lastKnownFileType = sourcecode.swift; path = AppDelegate.swift; sourceTree = "<group>"; };
		F043EB0424839CB10088BB41 /* SceneDelegate.swift */ = {isa = PBXFileReference; lastKnownFileType = sourcecode.swift; path = SceneDelegate.swift; sourceTree = "<group>"; };
		F043EB0C24839CB10088BB41 /* Food_with_coreml_and_coredata.xcdatamodel */ = {isa = PBXFileReference; lastKnownFileType = wrapper.xcdatamodel; path = Food_with_coreml_and_coredata.xcdatamodel; sourceTree = "<group>"; };
		F043EB1124839CB20088BB41 /* Base */ = {isa = PBXFileReference; lastKnownFileType = file.storyboard; name = Base; path = Base.lproj/LaunchScreen.storyboard; sourceTree = "<group>"; };
		F043EB1324839CB20088BB41 /* Info.plist */ = {isa = PBXFileReference; lastKnownFileType = text.plist.xml; path = Info.plist; sourceTree = "<group>"; };
		F043EB1824839CB20088BB41 /* Food with coreml and coredataTests.xctest */ = {isa = PBXFileReference; explicitFileType = wrapper.cfbundle; includeInIndex = 0; path = "Food with coreml and coredataTests.xctest"; sourceTree = BUILT_PRODUCTS_DIR; };
		F043EB1C24839CB20088BB41 /* Food_with_coreml_and_coredataTests.swift */ = {isa = PBXFileReference; lastKnownFileType = sourcecode.swift; path = Food_with_coreml_and_coredataTests.swift; sourceTree = "<group>"; };
		F043EB1E24839CB20088BB41 /* Info.plist */ = {isa = PBXFileReference; lastKnownFileType = text.plist.xml; path = Info.plist; sourceTree = "<group>"; };
		F043EB2324839CB30088BB41 /* Food with coreml and coredataUITests.xctest */ = {isa = PBXFileReference; explicitFileType = wrapper.cfbundle; includeInIndex = 0; path = "Food with coreml and coredataUITests.xctest"; sourceTree = BUILT_PRODUCTS_DIR; };
		F043EB2724839CB30088BB41 /* Food_with_coreml_and_coredataUITests.swift */ = {isa = PBXFileReference; lastKnownFileType = sourcecode.swift; path = Food_with_coreml_and_coredataUITests.swift; sourceTree = "<group>"; };
		F043EB2924839CB30088BB41 /* Info.plist */ = {isa = PBXFileReference; lastKnownFileType = text.plist.xml; path = Info.plist; sourceTree = "<group>"; };
		F043EB3524839DD90088BB41 /* PreviewViewController.swift */ = {isa = PBXFileReference; fileEncoding = 4; lastKnownFileType = sourcecode.swift; path = PreviewViewController.swift; sourceTree = "<group>"; };
		F043EB3624839DD90088BB41 /* ViewController.swift */ = {isa = PBXFileReference; fileEncoding = 4; lastKnownFileType = sourcecode.swift; path = ViewController.swift; sourceTree = "<group>"; };
		F043EB3A24839DF60088BB41 /* Assets.xcassets */ = {isa = PBXFileReference; lastKnownFileType = folder.assetcatalog; path = Assets.xcassets; sourceTree = "<group>"; };
		F043EB3D24839E0C0088BB41 /* ListDataViewController.swift */ = {isa = PBXFileReference; fileEncoding = 4; lastKnownFileType = sourcecode.swift; path = ListDataViewController.swift; sourceTree = "<group>"; };
		F043EB3E24839E0C0088BB41 /* CoreDataManager.swift */ = {isa = PBXFileReference; fileEncoding = 4; lastKnownFileType = sourcecode.swift; path = CoreDataManager.swift; sourceTree = "<group>"; };
		F043EB4124839E600088BB41 /* Inceptionv3.mlmodel */ = {isa = PBXFileReference; lastKnownFileType = file.mlmodel; path = Inceptionv3.mlmodel; sourceTree = "<group>"; };
		F043EB432483DAB10088BB41 /* Main.storyboard */ = {isa = PBXFileReference; fileEncoding = 4; lastKnownFileType = file.storyboard; path = Main.storyboard; sourceTree = "<group>"; };
		F409B49D72298101EED71D7A /* Pods-Food with coreml and coredata-Food with coreml and coredataUITests.release.xcconfig */ = {isa = PBXFileReference; includeInIndex = 1; lastKnownFileType = text.xcconfig; name = "Pods-Food with coreml and coredata-Food with coreml and coredataUITests.release.xcconfig"; path = "Target Support Files/Pods-Food with coreml and coredata-Food with coreml and coredataUITests/Pods-Food with coreml and coredata-Food with coreml and coredataUITests.release.xcconfig"; sourceTree = "<group>"; };
/* End PBXFileReference section */

/* Begin PBXFrameworksBuildPhase section */
		F043EAFC24839CB10088BB41 /* Frameworks */ = {
			isa = PBXFrameworksBuildPhase;
			buildActionMask = 2147483647;
			files = (
				BC6613916FD2E7E0B7934348 /* Pods_Food_with_coreml_and_coredata.framework in Frameworks */,
			);
			runOnlyForDeploymentPostprocessing = 0;
		};
		F043EB1524839CB20088BB41 /* Frameworks */ = {
			isa = PBXFrameworksBuildPhase;
			buildActionMask = 2147483647;
			files = (
				61D5900F576863E7C2238068 /* Pods_Food_with_coreml_and_coredataTests.framework in Frameworks */,
			);
			runOnlyForDeploymentPostprocessing = 0;
		};
		F043EB2024839CB30088BB41 /* Frameworks */ = {
			isa = PBXFrameworksBuildPhase;
			buildActionMask = 2147483647;
			files = (
				2AACA355F4F097A526E347CB /* Pods_Food_with_coreml_and_coredata_Food_with_coreml_and_coredataUITests.framework in Frameworks */,
			);
			runOnlyForDeploymentPostprocessing = 0;
		};
/* End PBXFrameworksBuildPhase section */

/* Begin PBXGroup section */
		07819CC3C01771655E8E077E /* Pods */ = {
			isa = PBXGroup;
			children = (
				032CC7CD4CD8DD1AAFA92944 /* Pods-Food with coreml and coredata.debug.xcconfig */,
				6DEFC5E0E03F5C343182FE0F /* Pods-Food with coreml and coredata.release.xcconfig */,
				2FA75E5A332FE03E6AAB7896 /* Pods-Food with coreml and coredata-Food with coreml and coredataUITests.debug.xcconfig */,
				F409B49D72298101EED71D7A /* Pods-Food with coreml and coredata-Food with coreml and coredataUITests.release.xcconfig */,
				45D6FF24F6D4524774A734BB /* Pods-Food with coreml and coredataTests.debug.xcconfig */,
				9F915468B2887D58452845A1 /* Pods-Food with coreml and coredataTests.release.xcconfig */,
			);
			path = Pods;
			sourceTree = "<group>";
		};
		AA07963BBCF174171925189A /* Frameworks */ = {
			isa = PBXGroup;
			children = (
				69A54CF9EF786260996AA03B /* Pods_Food_with_coreml_and_coredata.framework */,
				80BA40042B95AA6E9625F253 /* Pods_Food_with_coreml_and_coredata_Food_with_coreml_and_coredataUITests.framework */,
				640DBC4D28DB3032F712CDC8 /* Pods_Food_with_coreml_and_coredataTests.framework */,
			);
			name = Frameworks;
			sourceTree = "<group>";
		};
		F043EAF624839CB10088BB41 = {
			isa = PBXGroup;
			children = (
				F043EB0124839CB10088BB41 /* Food with coreml and coredata */,
				F043EB1B24839CB20088BB41 /* Food with coreml and coredataTests */,
				F043EB2624839CB30088BB41 /* Food with coreml and coredataUITests */,
				F043EB0024839CB10088BB41 /* Products */,
				07819CC3C01771655E8E077E /* Pods */,
				AA07963BBCF174171925189A /* Frameworks */,
			);
			sourceTree = "<group>";
		};
		F043EB0024839CB10088BB41 /* Products */ = {
			isa = PBXGroup;
			children = (
				F043EAFF24839CB10088BB41 /* Food with coreml and coredata.app */,
				F043EB1824839CB20088BB41 /* Food with coreml and coredataTests.xctest */,
				F043EB2324839CB30088BB41 /* Food with coreml and coredataUITests.xctest */,
			);
			name = Products;
			sourceTree = "<group>";
		};
		F043EB0124839CB10088BB41 /* Food with coreml and coredata */ = {
			isa = PBXGroup;
			children = (
				60CF8B192483F58E0045535B /* covid.json */,
				F043EB0224839CB10088BB41 /* AppDelegate.swift */,
				F043EB0424839CB10088BB41 /* SceneDelegate.swift */,
				F043EB3524839DD90088BB41 /* PreviewViewController.swift */,
				F043EB3624839DD90088BB41 /* ViewController.swift */,
				F043EB4124839E600088BB41 /* Inceptionv3.mlmodel */,
				F043EB3A24839DF60088BB41 /* Assets.xcassets */,
				F043EB432483DAB10088BB41 /* Main.storyboard */,
				F043EB1024839CB20088BB41 /* LaunchScreen.storyboard */,
				F043EB1324839CB20088BB41 /* Info.plist */,
				F043EB0B24839CB10088BB41 /* Food_with_coreml_and_coredata.xcdatamodeld */,
				F043EB3E24839E0C0088BB41 /* CoreDataManager.swift */,
				F043EB3D24839E0C0088BB41 /* ListDataViewController.swift */,
				60665C5D2483F265005FF74B /* Login.storyboard */,
				60665C5F2483F2B0005FF74B /* LoginViewController.swift */,
			);
			path = "Food with coreml and coredata";
			sourceTree = "<group>";
		};
		F043EB1B24839CB20088BB41 /* Food with coreml and coredataTests */ = {
			isa = PBXGroup;
			children = (
				F043EB1C24839CB20088BB41 /* Food_with_coreml_and_coredataTests.swift */,
				F043EB1E24839CB20088BB41 /* Info.plist */,
			);
			path = "Food with coreml and coredataTests";
			sourceTree = "<group>";
		};
		F043EB2624839CB30088BB41 /* Food with coreml and coredataUITests */ = {
			isa = PBXGroup;
			children = (
				F043EB2724839CB30088BB41 /* Food_with_coreml_and_coredataUITests.swift */,
				F043EB2924839CB30088BB41 /* Info.plist */,
			);
			path = "Food with coreml and coredataUITests";
			sourceTree = "<group>";
		};
/* End PBXGroup section */

/* Begin PBXNativeTarget section */
		F043EAFE24839CB10088BB41 /* Food with coreml and coredata */ = {
			isa = PBXNativeTarget;
			buildConfigurationList = F043EB2C24839CB30088BB41 /* Build configuration list for PBXNativeTarget "Food with coreml and coredata" */;
			buildPhases = (
				FD3352CCE977F1D394845211 /* [CP] Check Pods Manifest.lock */,
				F043EAFB24839CB10088BB41 /* Sources */,
				F043EAFC24839CB10088BB41 /* Frameworks */,
				F043EAFD24839CB10088BB41 /* Resources */,
				0E74FDC4138C9A896F57C605 /* [CP] Embed Pods Frameworks */,
			);
			buildRules = (
			);
			dependencies = (
			);
			name = "Food with coreml and coredata";
			productName = "Food with coreml and coredata";
			productReference = F043EAFF24839CB10088BB41 /* Food with coreml and coredata.app */;
			productType = "com.apple.product-type.application";
		};
		F043EB1724839CB20088BB41 /* Food with coreml and coredataTests */ = {
			isa = PBXNativeTarget;
			buildConfigurationList = F043EB2F24839CB30088BB41 /* Build configuration list for PBXNativeTarget "Food with coreml and coredataTests" */;
			buildPhases = (
				3423BCC2819E52B7D05BDBB1 /* [CP] Check Pods Manifest.lock */,
				F043EB1424839CB20088BB41 /* Sources */,
				F043EB1524839CB20088BB41 /* Frameworks */,
				F043EB1624839CB20088BB41 /* Resources */,
			);
			buildRules = (
			);
			dependencies = (
				F043EB1A24839CB20088BB41 /* PBXTargetDependency */,
			);
			name = "Food with coreml and coredataTests";
			productName = "Food with coreml and coredataTests";
			productReference = F043EB1824839CB20088BB41 /* Food with coreml and coredataTests.xctest */;
			productType = "com.apple.product-type.bundle.unit-test";
		};
		F043EB2224839CB30088BB41 /* Food with coreml and coredataUITests */ = {
			isa = PBXNativeTarget;
			buildConfigurationList = F043EB3224839CB30088BB41 /* Build configuration list for PBXNativeTarget "Food with coreml and coredataUITests" */;
			buildPhases = (
				D47D2503936A8F262D63D989 /* [CP] Check Pods Manifest.lock */,
				F043EB1F24839CB30088BB41 /* Sources */,
				F043EB2024839CB30088BB41 /* Frameworks */,
				F043EB2124839CB30088BB41 /* Resources */,
				958FC7587446C1D111FBD5D8 /* [CP] Embed Pods Frameworks */,
			);
			buildRules = (
			);
			dependencies = (
				F043EB2524839CB30088BB41 /* PBXTargetDependency */,
			);
			name = "Food with coreml and coredataUITests";
			productName = "Food with coreml and coredataUITests";
			productReference = F043EB2324839CB30088BB41 /* Food with coreml and coredataUITests.xctest */;
			productType = "com.apple.product-type.bundle.ui-testing";
		};
/* End PBXNativeTarget section */

/* Begin PBXProject section */
		F043EAF724839CB10088BB41 /* Project object */ = {
			isa = PBXProject;
			attributes = {
				LastSwiftUpdateCheck = 1150;
				LastUpgradeCheck = 1150;
				ORGANIZATIONNAME = "Sufiandy Elmy";
				TargetAttributes = {
					F043EAFE24839CB10088BB41 = {
						CreatedOnToolsVersion = 11.5;
					};
					F043EB1724839CB20088BB41 = {
						CreatedOnToolsVersion = 11.5;
						TestTargetID = F043EAFE24839CB10088BB41;
					};
					F043EB2224839CB30088BB41 = {
						CreatedOnToolsVersion = 11.5;
						TestTargetID = F043EAFE24839CB10088BB41;
					};
				};
			};
			buildConfigurationList = F043EAFA24839CB10088BB41 /* Build configuration list for PBXProject "Food with coreml and coredata" */;
			compatibilityVersion = "Xcode 9.3";
			developmentRegion = en;
			hasScannedForEncodings = 0;
			knownRegions = (
				en,
				Base,
			);
			mainGroup = F043EAF624839CB10088BB41;
			productRefGroup = F043EB0024839CB10088BB41 /* Products */;
			projectDirPath = "";
			projectRoot = "";
			targets = (
				F043EAFE24839CB10088BB41 /* Food with coreml and coredata */,
				F043EB1724839CB20088BB41 /* Food with coreml and coredataTests */,
				F043EB2224839CB30088BB41 /* Food with coreml and coredataUITests */,
			);
		};
/* End PBXProject section */

/* Begin PBXResourcesBuildPhase section */
		F043EAFD24839CB10088BB41 /* Resources */ = {
			isa = PBXResourcesBuildPhase;
			buildActionMask = 2147483647;
			files = (
				60665C5E2483F265005FF74B /* Login.storyboard in Resources */,
				F043EB442483DAB10088BB41 /* Main.storyboard in Resources */,
				F043EB1224839CB20088BB41 /* LaunchScreen.storyboard in Resources */,
				F043EB3C24839DF60088BB41 /* Assets.xcassets in Resources */,
				60CF8B1A2483F58E0045535B /* covid.json in Resources */,
			);
			runOnlyForDeploymentPostprocessing = 0;
		};
		F043EB1624839CB20088BB41 /* Resources */ = {
			isa = PBXResourcesBuildPhase;
			buildActionMask = 2147483647;
			files = (
			);
			runOnlyForDeploymentPostprocessing = 0;
		};
		F043EB2124839CB30088BB41 /* Resources */ = {
			isa = PBXResourcesBuildPhase;
			buildActionMask = 2147483647;
			files = (
			);
			runOnlyForDeploymentPostprocessing = 0;
		};
/* End PBXResourcesBuildPhase section */

/* Begin PBXShellScriptBuildPhase section */
		0E74FDC4138C9A896F57C605 /* [CP] Embed Pods Frameworks */ = {
			isa = PBXShellScriptBuildPhase;
			buildActionMask = 2147483647;
			files = (
			);
			inputFileListPaths = (
				"${PODS_ROOT}/Target Support Files/Pods-Food with coreml and coredata/Pods-Food with coreml and coredata-frameworks-${CONFIGURATION}-input-files.xcfilelist",
			);
			name = "[CP] Embed Pods Frameworks";
			outputFileListPaths = (
				"${PODS_ROOT}/Target Support Files/Pods-Food with coreml and coredata/Pods-Food with coreml and coredata-frameworks-${CONFIGURATION}-output-files.xcfilelist",
			);
			runOnlyForDeploymentPostprocessing = 0;
			shellPath = /bin/sh;
			shellScript = "\"${PODS_ROOT}/Target Support Files/Pods-Food with coreml and coredata/Pods-Food with coreml and coredata-frameworks.sh\"\n";
			showEnvVarsInLog = 0;
		};
		3423BCC2819E52B7D05BDBB1 /* [CP] Check Pods Manifest.lock */ = {
			isa = PBXShellScriptBuildPhase;
			buildActionMask = 2147483647;
			files = (
			);
			inputFileListPaths = (
			);
			inputPaths = (
				"${PODS_PODFILE_DIR_PATH}/Podfile.lock",
				"${PODS_ROOT}/Manifest.lock",
			);
			name = "[CP] Check Pods Manifest.lock";
			outputFileListPaths = (
			);
			outputPaths = (
				"$(DERIVED_FILE_DIR)/Pods-Food with coreml and coredataTests-checkManifestLockResult.txt",
			);
			runOnlyForDeploymentPostprocessing = 0;
			shellPath = /bin/sh;
			shellScript = "diff \"${PODS_PODFILE_DIR_PATH}/Podfile.lock\" \"${PODS_ROOT}/Manifest.lock\" > /dev/null\nif [ $? != 0 ] ; then\n    # print error to STDERR\n    echo \"error: The sandbox is not in sync with the Podfile.lock. Run 'pod install' or update your CocoaPods installation.\" >&2\n    exit 1\nfi\n# This output is used by Xcode 'outputs' to avoid re-running this script phase.\necho \"SUCCESS\" > \"${SCRIPT_OUTPUT_FILE_0}\"\n";
			showEnvVarsInLog = 0;
		};
		958FC7587446C1D111FBD5D8 /* [CP] Embed Pods Frameworks */ = {
			isa = PBXShellScriptBuildPhase;
			buildActionMask = 2147483647;
			files = (
			);
			inputFileListPaths = (
				"${PODS_ROOT}/Target Support Files/Pods-Food with coreml and coredata-Food with coreml and coredataUITests/Pods-Food with coreml and coredata-Food with coreml and coredataUITests-frameworks-${CONFIGURATION}-input-files.xcfilelist",
			);
			name = "[CP] Embed Pods Frameworks";
			outputFileListPaths = (
				"${PODS_ROOT}/Target Support Files/Pods-Food with coreml and coredata-Food with coreml and coredataUITests/Pods-Food with coreml and coredata-Food with coreml and coredataUITests-frameworks-${CONFIGURATION}-output-files.xcfilelist",
			);
			runOnlyForDeploymentPostprocessing = 0;
			shellPath = /bin/sh;
			shellScript = "\"${PODS_ROOT}/Target Support Files/Pods-Food with coreml and coredata-Food with coreml and coredataUITests/Pods-Food with coreml and coredata-Food with coreml and coredataUITests-frameworks.sh\"\n";
			showEnvVarsInLog = 0;
		};
		D47D2503936A8F262D63D989 /* [CP] Check Pods Manifest.lock */ = {
			isa = PBXShellScriptBuildPhase;
			buildActionMask = 2147483647;
			files = (
			);
			inputFileListPaths = (
			);
			inputPaths = (
				"${PODS_PODFILE_DIR_PATH}/Podfile.lock",
				"${PODS_ROOT}/Manifest.lock",
			);
			name = "[CP] Check Pods Manifest.lock";
			outputFileListPaths = (
			);
			outputPaths = (
				"$(DERIVED_FILE_DIR)/Pods-Food with coreml and coredata-Food with coreml and coredataUITests-checkManifestLockResult.txt",
			);
			runOnlyForDeploymentPostprocessing = 0;
			shellPath = /bin/sh;
			shellScript = "diff \"${PODS_PODFILE_DIR_PATH}/Podfile.lock\" \"${PODS_ROOT}/Manifest.lock\" > /dev/null\nif [ $? != 0 ] ; then\n    # print error to STDERR\n    echo \"error: The sandbox is not in sync with the Podfile.lock. Run 'pod install' or update your CocoaPods installation.\" >&2\n    exit 1\nfi\n# This output is used by Xcode 'outputs' to avoid re-running this script phase.\necho \"SUCCESS\" > \"${SCRIPT_OUTPUT_FILE_0}\"\n";
			showEnvVarsInLog = 0;
		};
		FD3352CCE977F1D394845211 /* [CP] Check Pods Manifest.lock */ = {
			isa = PBXShellScriptBuildPhase;
			buildActionMask = 2147483647;
			files = (
			);
			inputFileListPaths = (
			);
			inputPaths = (
				"${PODS_PODFILE_DIR_PATH}/Podfile.lock",
				"${PODS_ROOT}/Manifest.lock",
			);
			name = "[CP] Check Pods Manifest.lock";
			outputFileListPaths = (
			);
			outputPaths = (
				"$(DERIVED_FILE_DIR)/Pods-Food with coreml and coredata-checkManifestLockResult.txt",
			);
			runOnlyForDeploymentPostprocessing = 0;
			shellPath = /bin/sh;
			shellScript = "diff \"${PODS_PODFILE_DIR_PATH}/Podfile.lock\" \"${PODS_ROOT}/Manifest.lock\" > /dev/null\nif [ $? != 0 ] ; then\n    # print error to STDERR\n    echo \"error: The sandbox is not in sync with the Podfile.lock. Run 'pod install' or update your CocoaPods installation.\" >&2\n    exit 1\nfi\n# This output is used by Xcode 'outputs' to avoid re-running this script phase.\necho \"SUCCESS\" > \"${SCRIPT_OUTPUT_FILE_0}\"\n";
			showEnvVarsInLog = 0;
		};
/* End PBXShellScriptBuildPhase section */

/* Begin PBXSourcesBuildPhase section */
		F043EAFB24839CB10088BB41 /* Sources */ = {
			isa = PBXSourcesBuildPhase;
			buildActionMask = 2147483647;
			files = (
				60665C602483F2B0005FF74B /* LoginViewController.swift in Sources */,
				F043EB3F24839E0C0088BB41 /* ListDataViewController.swift in Sources */,
				F043EB3824839DD90088BB41 /* ViewController.swift in Sources */,
				F043EB0324839CB10088BB41 /* AppDelegate.swift in Sources */,
				F043EB0D24839CB10088BB41 /* Food_with_coreml_and_coredata.xcdatamodeld in Sources */,
				F043EB0524839CB10088BB41 /* SceneDelegate.swift in Sources */,
				F043EB4224839E600088BB41 /* Inceptionv3.mlmodel in Sources */,
				F043EB4024839E0C0088BB41 /* CoreDataManager.swift in Sources */,
				F043EB3724839DD90088BB41 /* PreviewViewController.swift in Sources */,
			);
			runOnlyForDeploymentPostprocessing = 0;
		};
		F043EB1424839CB20088BB41 /* Sources */ = {
			isa = PBXSourcesBuildPhase;
			buildActionMask = 2147483647;
			files = (
				F043EB1D24839CB20088BB41 /* Food_with_coreml_and_coredataTests.swift in Sources */,
			);
			runOnlyForDeploymentPostprocessing = 0;
		};
		F043EB1F24839CB30088BB41 /* Sources */ = {
			isa = PBXSourcesBuildPhase;
			buildActionMask = 2147483647;
			files = (
				F043EB2824839CB30088BB41 /* Food_with_coreml_and_coredataUITests.swift in Sources */,
			);
			runOnlyForDeploymentPostprocessing = 0;
		};
/* End PBXSourcesBuildPhase section */

/* Begin PBXTargetDependency section */
		F043EB1A24839CB20088BB41 /* PBXTargetDependency */ = {
			isa = PBXTargetDependency;
			target = F043EAFE24839CB10088BB41 /* Food with coreml and coredata */;
			targetProxy = F043EB1924839CB20088BB41 /* PBXContainerItemProxy */;
		};
		F043EB2524839CB30088BB41 /* PBXTargetDependency */ = {
			isa = PBXTargetDependency;
			target = F043EAFE24839CB10088BB41 /* Food with coreml and coredata */;
			targetProxy = F043EB2424839CB30088BB41 /* PBXContainerItemProxy */;
		};
/* End PBXTargetDependency section */

/* Begin PBXVariantGroup section */
		F043EB1024839CB20088BB41 /* LaunchScreen.storyboard */ = {
			isa = PBXVariantGroup;
			children = (
				F043EB1124839CB20088BB41 /* Base */,
			);
			name = LaunchScreen.storyboard;
			sourceTree = "<group>";
		};
/* End PBXVariantGroup section */

/* Begin XCBuildConfiguration section */
		F043EB2A24839CB30088BB41 /* Debug */ = {
			isa = XCBuildConfiguration;
			buildSettings = {
				ALWAYS_SEARCH_USER_PATHS = NO;
				CLANG_ANALYZER_NONNULL = YES;
				CLANG_ANALYZER_NUMBER_OBJECT_CONVERSION = YES_AGGRESSIVE;
				CLANG_CXX_LANGUAGE_STANDARD = "gnu++14";
				CLANG_CXX_LIBRARY = "libc++";
				CLANG_ENABLE_MODULES = YES;
				CLANG_ENABLE_OBJC_ARC = YES;
				CLANG_ENABLE_OBJC_WEAK = YES;
				CLANG_WARN_BLOCK_CAPTURE_AUTORELEASING = YES;
				CLANG_WARN_BOOL_CONVERSION = YES;
				CLANG_WARN_COMMA = YES;
				CLANG_WARN_CONSTANT_CONVERSION = YES;
				CLANG_WARN_DEPRECATED_OBJC_IMPLEMENTATIONS = YES;
				CLANG_WARN_DIRECT_OBJC_ISA_USAGE = YES_ERROR;
				CLANG_WARN_DOCUMENTATION_COMMENTS = YES;
				CLANG_WARN_EMPTY_BODY = YES;
				CLANG_WARN_ENUM_CONVERSION = YES;
				CLANG_WARN_INFINITE_RECURSION = YES;
				CLANG_WARN_INT_CONVERSION = YES;
				CLANG_WARN_NON_LITERAL_NULL_CONVERSION = YES;
				CLANG_WARN_OBJC_IMPLICIT_RETAIN_SELF = YES;
				CLANG_WARN_OBJC_LITERAL_CONVERSION = YES;
				CLANG_WARN_OBJC_ROOT_CLASS = YES_ERROR;
				CLANG_WARN_RANGE_LOOP_ANALYSIS = YES;
				CLANG_WARN_STRICT_PROTOTYPES = YES;
				CLANG_WARN_SUSPICIOUS_MOVE = YES;
				CLANG_WARN_UNGUARDED_AVAILABILITY = YES_AGGRESSIVE;
				CLANG_WARN_UNREACHABLE_CODE = YES;
				CLANG_WARN__DUPLICATE_METHOD_MATCH = YES;
				COPY_PHASE_STRIP = NO;
				DEBUG_INFORMATION_FORMAT = dwarf;
				ENABLE_STRICT_OBJC_MSGSEND = YES;
				ENABLE_TESTABILITY = YES;
				GCC_C_LANGUAGE_STANDARD = gnu11;
				GCC_DYNAMIC_NO_PIC = NO;
				GCC_NO_COMMON_BLOCKS = YES;
				GCC_OPTIMIZATION_LEVEL = 0;
				GCC_PREPROCESSOR_DEFINITIONS = (
					"DEBUG=1",
					"$(inherited)",
				);
				GCC_WARN_64_TO_32_BIT_CONVERSION = YES;
				GCC_WARN_ABOUT_RETURN_TYPE = YES_ERROR;
				GCC_WARN_UNDECLARED_SELECTOR = YES;
				GCC_WARN_UNINITIALIZED_AUTOS = YES_AGGRESSIVE;
				GCC_WARN_UNUSED_FUNCTION = YES;
				GCC_WARN_UNUSED_VARIABLE = YES;
				IPHONEOS_DEPLOYMENT_TARGET = 13.5;
				MTL_ENABLE_DEBUG_INFO = INCLUDE_SOURCE;
				MTL_FAST_MATH = YES;
				ONLY_ACTIVE_ARCH = YES;
				SDKROOT = iphoneos;
				SWIFT_ACTIVE_COMPILATION_CONDITIONS = DEBUG;
				SWIFT_OPTIMIZATION_LEVEL = "-Onone";
			};
			name = Debug;
		};
		F043EB2B24839CB30088BB41 /* Release */ = {
			isa = XCBuildConfiguration;
			buildSettings = {
				ALWAYS_SEARCH_USER_PATHS = NO;
				CLANG_ANALYZER_NONNULL = YES;
				CLANG_ANALYZER_NUMBER_OBJECT_CONVERSION = YES_AGGRESSIVE;
				CLANG_CXX_LANGUAGE_STANDARD = "gnu++14";
				CLANG_CXX_LIBRARY = "libc++";
				CLANG_ENABLE_MODULES = YES;
				CLANG_ENABLE_OBJC_ARC = YES;
				CLANG_ENABLE_OBJC_WEAK = YES;
				CLANG_WARN_BLOCK_CAPTURE_AUTORELEASING = YES;
				CLANG_WARN_BOOL_CONVERSION = YES;
				CLANG_WARN_COMMA = YES;
				CLANG_WARN_CONSTANT_CONVERSION = YES;
				CLANG_WARN_DEPRECATED_OBJC_IMPLEMENTATIONS = YES;
				CLANG_WARN_DIRECT_OBJC_ISA_USAGE = YES_ERROR;
				CLANG_WARN_DOCUMENTATION_COMMENTS = YES;
				CLANG_WARN_EMPTY_BODY = YES;
				CLANG_WARN_ENUM_CONVERSION = YES;
				CLANG_WARN_INFINITE_RECURSION = YES;
				CLANG_WARN_INT_CONVERSION = YES;
				CLANG_WARN_NON_LITERAL_NULL_CONVERSION = YES;
				CLANG_WARN_OBJC_IMPLICIT_RETAIN_SELF = YES;
				CLANG_WARN_OBJC_LITERAL_CONVERSION = YES;
				CLANG_WARN_OBJC_ROOT_CLASS = YES_ERROR;
				CLANG_WARN_RANGE_LOOP_ANALYSIS = YES;
				CLANG_WARN_STRICT_PROTOTYPES = YES;
				CLANG_WARN_SUSPICIOUS_MOVE = YES;
				CLANG_WARN_UNGUARDED_AVAILABILITY = YES_AGGRESSIVE;
				CLANG_WARN_UNREACHABLE_CODE = YES;
				CLANG_WARN__DUPLICATE_METHOD_MATCH = YES;
				COPY_PHASE_STRIP = NO;
				DEBUG_INFORMATION_FORMAT = "dwarf-with-dsym";
				ENABLE_NS_ASSERTIONS = NO;
				ENABLE_STRICT_OBJC_MSGSEND = YES;
				GCC_C_LANGUAGE_STANDARD = gnu11;
				GCC_NO_COMMON_BLOCKS = YES;
				GCC_WARN_64_TO_32_BIT_CONVERSION = YES;
				GCC_WARN_ABOUT_RETURN_TYPE = YES_ERROR;
				GCC_WARN_UNDECLARED_SELECTOR = YES;
				GCC_WARN_UNINITIALIZED_AUTOS = YES_AGGRESSIVE;
				GCC_WARN_UNUSED_FUNCTION = YES;
				GCC_WARN_UNUSED_VARIABLE = YES;
				IPHONEOS_DEPLOYMENT_TARGET = 13.5;
				MTL_ENABLE_DEBUG_INFO = NO;
				MTL_FAST_MATH = YES;
				SDKROOT = iphoneos;
				SWIFT_COMPILATION_MODE = wholemodule;
				SWIFT_OPTIMIZATION_LEVEL = "-O";
				VALIDATE_PRODUCT = YES;
			};
			name = Release;
		};
		F043EB2D24839CB30088BB41 /* Debug */ = {
			isa = XCBuildConfiguration;
			baseConfigurationReference = 032CC7CD4CD8DD1AAFA92944 /* Pods-Food with coreml and coredata.debug.xcconfig */;
			buildSettings = {
				ASSETCATALOG_COMPILER_APPICON_NAME = AppIcon;
				CODE_SIGN_STYLE = Automatic;
				DEVELOPMENT_TEAM = TVFQAT4MZP;
				INFOPLIST_FILE = "Food with coreml and coredata/Info.plist";
				LD_RUNPATH_SEARCH_PATHS = (
					"$(inherited)",
					"@executable_path/Frameworks",
				);
				PRODUCT_BUNDLE_IDENTIFIER = "www.infinitelearning.id.Food-with-coreml-and-coredata";
				PRODUCT_NAME = "$(TARGET_NAME)";
				SWIFT_VERSION = 5.0;
				TARGETED_DEVICE_FAMILY = "1,2";
			};
			name = Debug;
		};
		F043EB2E24839CB30088BB41 /* Release */ = {
			isa = XCBuildConfiguration;
			baseConfigurationReference = 6DEFC5E0E03F5C343182FE0F /* Pods-Food with coreml and coredata.release.xcconfig */;
			buildSettings = {
				ASSETCATALOG_COMPILER_APPICON_NAME = AppIcon;
				CODE_SIGN_IDENTITY = "Apple Development";
				CODE_SIGN_STYLE = Automatic;
				DEVELOPMENT_TEAM = TVFQAT4MZP;
				INFOPLIST_FILE = "Food with coreml and coredata/Info.plist";
				LD_RUNPATH_SEARCH_PATHS = (
					"$(inherited)",
					"@executable_path/Frameworks",
				);
				PRODUCT_BUNDLE_IDENTIFIER = "www.infinitelearning.id.Food-with-coreml-and-coredata";
				PRODUCT_NAME = "$(TARGET_NAME)";
				PROVISIONING_PROFILE_SPECIFIER = "";
				SWIFT_VERSION = 5.0;
				TARGETED_DEVICE_FAMILY = "1,2";
			};
			name = Release;
		};
		F043EB3024839CB30088BB41 /* Debug */ = {
			isa = XCBuildConfiguration;
			baseConfigurationReference = 45D6FF24F6D4524774A734BB /* Pods-Food with coreml and coredataTests.debug.xcconfig */;
			buildSettings = {
				ALWAYS_EMBED_SWIFT_STANDARD_LIBRARIES = YES;
				BUNDLE_LOADER = "$(TEST_HOST)";
				CODE_SIGN_STYLE = Automatic;
				DEVELOPMENT_TEAM = 9T6A37YY89;
				INFOPLIST_FILE = "Food with coreml and coredataTests/Info.plist";
				IPHONEOS_DEPLOYMENT_TARGET = 13.5;
				LD_RUNPATH_SEARCH_PATHS = (
					"$(inherited)",
					"@executable_path/Frameworks",
					"@loader_path/Frameworks",
				);
				PRODUCT_BUNDLE_IDENTIFIER = "www.infinitelearning.id.Food-with-coreml-and-coredataTests";
				PRODUCT_NAME = "$(TARGET_NAME)";
				SWIFT_VERSION = 5.0;
				TARGETED_DEVICE_FAMILY = "1,2";
				TEST_HOST = "$(BUILT_PRODUCTS_DIR)/Food with coreml and coredata.app/Food with coreml and coredata";
			};
			name = Debug;
		};
		F043EB3124839CB30088BB41 /* Release */ = {
			isa = XCBuildConfiguration;
			baseConfigurationReference = 9F915468B2887D58452845A1 /* Pods-Food with coreml and coredataTests.release.xcconfig */;
			buildSettings = {
				ALWAYS_EMBED_SWIFT_STANDARD_LIBRARIES = YES;
				BUNDLE_LOADER = "$(TEST_HOST)";
				CODE_SIGN_STYLE = Automatic;
				DEVELOPMENT_TEAM = 9T6A37YY89;
				INFOPLIST_FILE = "Food with coreml and coredataTests/Info.plist";
				IPHONEOS_DEPLOYMENT_TARGET = 13.5;
				LD_RUNPATH_SEARCH_PATHS = (
					"$(inherited)",
					"@executable_path/Frameworks",
					"@loader_path/Frameworks",
				);
				PRODUCT_BUNDLE_IDENTIFIER = "www.infinitelearning.id.Food-with-coreml-and-coredataTests";
				PRODUCT_NAME = "$(TARGET_NAME)";
				SWIFT_VERSION = 5.0;
				TARGETED_DEVICE_FAMILY = "1,2";
				TEST_HOST = "$(BUILT_PRODUCTS_DIR)/Food with coreml and coredata.app/Food with coreml and coredata";
			};
			name = Release;
		};
		F043EB3324839CB30088BB41 /* Debug */ = {
			isa = XCBuildConfiguration;
			baseConfigurationReference = 2FA75E5A332FE03E6AAB7896 /* Pods-Food with coreml and coredata-Food with coreml and coredataUITests.debug.xcconfig */;
			buildSettings = {
				ALWAYS_EMBED_SWIFT_STANDARD_LIBRARIES = YES;
				CODE_SIGN_STYLE = Automatic;
				DEVELOPMENT_TEAM = 9T6A37YY89;
				INFOPLIST_FILE = "Food with coreml and coredataUITests/Info.plist";
				LD_RUNPATH_SEARCH_PATHS = (
					"$(inherited)",
					"@executable_path/Frameworks",
					"@loader_path/Frameworks",
				);
				PRODUCT_BUNDLE_IDENTIFIER = "www.infinitelearning.id.Food-with-coreml-and-coredataUITests";
				PRODUCT_NAME = "$(TARGET_NAME)";
				SWIFT_VERSION = 5.0;
				TARGETED_DEVICE_FAMILY = "1,2";
				TEST_TARGET_NAME = "Food with coreml and coredata";
			};
			name = Debug;
		};
		F043EB3424839CB30088BB41 /* Release */ = {
			isa = XCBuildConfiguration;
			baseConfigurationReference = F409B49D72298101EED71D7A /* Pods-Food with coreml and coredata-Food with coreml and coredataUITests.release.xcconfig */;
			buildSettings = {
				ALWAYS_EMBED_SWIFT_STANDARD_LIBRARIES = YES;
				CODE_SIGN_STYLE = Automatic;
				DEVELOPMENT_TEAM = 9T6A37YY89;
				INFOPLIST_FILE = "Food with coreml and coredataUITests/Info.plist";
				LD_RUNPATH_SEARCH_PATHS = (
					"$(inherited)",
					"@executable_path/Frameworks",
					"@loader_path/Frameworks",
				);
				PRODUCT_BUNDLE_IDENTIFIER = "www.infinitelearning.id.Food-with-coreml-and-coredataUITests";
				PRODUCT_NAME = "$(TARGET_NAME)";
				SWIFT_VERSION = 5.0;
				TARGETED_DEVICE_FAMILY = "1,2";
				TEST_TARGET_NAME = "Food with coreml and coredata";
			};
			name = Release;
		};
/* End XCBuildConfiguration section */

/* Begin XCConfigurationList section */
		F043EAFA24839CB10088BB41 /* Build configuration list for PBXProject "Food with coreml and coredata" */ = {
			isa = XCConfigurationList;
			buildConfigurations = (
				F043EB2A24839CB30088BB41 /* Debug */,
				F043EB2B24839CB30088BB41 /* Release */,
			);
			defaultConfigurationIsVisible = 0;
			defaultConfigurationName = Release;
		};
		F043EB2C24839CB30088BB41 /* Build configuration list for PBXNativeTarget "Food with coreml and coredata" */ = {
			isa = XCConfigurationList;
			buildConfigurations = (
				F043EB2D24839CB30088BB41 /* Debug */,
				F043EB2E24839CB30088BB41 /* Release */,
			);
			defaultConfigurationIsVisible = 0;
			defaultConfigurationName = Release;
		};
		F043EB2F24839CB30088BB41 /* Build configuration list for PBXNativeTarget "Food with coreml and coredataTests" */ = {
			isa = XCConfigurationList;
			buildConfigurations = (
				F043EB3024839CB30088BB41 /* Debug */,
				F043EB3124839CB30088BB41 /* Release */,
			);
			defaultConfigurationIsVisible = 0;
			defaultConfigurationName = Release;
		};
		F043EB3224839CB30088BB41 /* Build configuration list for PBXNativeTarget "Food with coreml and coredataUITests" */ = {
			isa = XCConfigurationList;
			buildConfigurations = (
				F043EB3324839CB30088BB41 /* Debug */,
				F043EB3424839CB30088BB41 /* Release */,
			);
			defaultConfigurationIsVisible = 0;
			defaultConfigurationName = Release;
		};
/* End XCConfigurationList section */

/* Begin XCVersionGroup section */
		F043EB0B24839CB10088BB41 /* Food_with_coreml_and_coredata.xcdatamodeld */ = {
			isa = XCVersionGroup;
			children = (
				F043EB0C24839CB10088BB41 /* Food_with_coreml_and_coredata.xcdatamodel */,
			);
			currentVersion = F043EB0C24839CB10088BB41 /* Food_with_coreml_and_coredata.xcdatamodel */;
			path = Food_with_coreml_and_coredata.xcdatamodeld;
			sourceTree = "<group>";
			versionGroupType = wrapper.xcdatamodel;
		};
/* End XCVersionGroup section */
	};
	rootObject = F043EAF724839CB10088BB41 /* Project object */;
}
